
Microsoft Visual Studio Solution File, Format Version 12.00
# Visual Studio 15
VisualStudioVersion = 15.0.28010.2036
MinimumVisualStudioVersion = 10.0.40219.1
Project("{FAE04EC0-301F-11D3-BF4B-00C04F79EFBC}") = "WindowsFormsApp", "WindowsFormsApp.csproj", "{9F7D0268-F9A3-45E4-9C97-E45DC2B467BD}"
EndProject
Global
	GlobalSection(SolutionConfigurationPlatforms) = preSolution
		Debug|Any CPU = Debug|Any CPU
		Release|Any CPU = Release|Any CPU
	EndGlobalSection
	GlobalSection(ProjectConfigurationPlatforms) = postSolution
		{9F7D0268-F9A3-45E4-9C97-E45DC2B467BD}.Debug|Any CPU.ActiveCfg = Debug|Any CPU
		{9F7D0268-F9A3-45E4-9C97-E45DC2B467BD}.Debug|Any CPU.Build.0 = Debug|Any CPU
		{9F7D0268-F9A3-45E4-9C97-E45DC2B467BD}.Release|Any CPU.ActiveCfg = Release|Any CPU
		{9F7D0268-F9A3-45E4-9C97-E45DC2B467BD}.Release|Any CPU.Build.0 = Release|Any CPU
	EndGlobalSection
	GlobalSection(SolutionProperties) = preSolution
		HideSolutionNode = FALSE
	EndGlobalSection
	GlobalSection(ExtensibilityGlobals) = postSolution
		SolutionGuid = {C5C91EEE-7FD0-45B6-AF6A-4938715F6FD1}
	EndGlobalSection
EndGlobal
